
Microsoft Visual Studio Solution File, Format Version 12.00
# Visual Studio Version 16
VisualStudioVersion = 16.0.29306.81
MinimumVisualStudioVersion = 10.0.40219.1
Project("{FAE04EC0-301F-11D3-BF4B-00C04F79EFBC}") = "MaxB_Tag_Printing_App", "MaxB_Tag_Printing_App\MaxB_Tag_Printing_App.csproj", "{06209A3F-DC54-449E-8993-CDA869E7B4AE}"
EndProject
Global
	GlobalSection(SolutionConfigurationPlatforms) = preSolution
		Debug|Any CPU = Debug|Any CPU
		Release|Any CPU = Release|Any CPU
	EndGlobalSection
	GlobalSection(ProjectConfigurationPlatforms) = postSolution
		{06209A3F-DC54-449E-8993-CDA869E7B4AE}.Debug|Any CPU.ActiveCfg = Debug|Any CPU
		{06209A3F-DC54-449E-8993-CDA869E7B4AE}.Debug|Any CPU.Build.0 = Debug|Any CPU
		{06209A3F-DC54-449E-8993-CDA869E7B4AE}.Release|Any CPU.ActiveCfg = Release|Any CPU
		{06209A3F-DC54-449E-8993-CDA869E7B4AE}.Release|Any CPU.Build.0 = Release|Any CPU
	EndGlobalSection
	GlobalSection(SolutionProperties) = preSolution
		HideSolutionNode = FALSE
	EndGlobalSection
	GlobalSection(ExtensibilityGlobals) = postSolution
		SolutionGuid = {406874F3-3446-435A-BF7B-220D8A5C5717}
	EndGlobalSection
EndGlobal
